# This file was autogenerated by Stack.
# You should not edit this file by hand.
# For more information, please see the documentation at:
#   https://docs.haskellstack.org/en/stable/lock_files

packages:
- completed:
    hackage: parsec-3.1.14.0@sha256:72d5c57e6e126adaa781ab97b19dc76f68490c0a3d88f14038219994cabe94e1,4356
    pantry-tree:
      size: 2574
      sha256: 495a86688c6e89faf38b8804cc4c9216709e9a6a93cf56c2f07d5bef83f09a17
  original:
    hackage: parsec-3.1.14.0
snapshots:
- completed:
    size: 585817
    url: https://raw.githubusercontent.com/commercialhaskell/stackage-snapshots/master/lts/18/5.yaml
    sha256: 22d24d0dacad9c1450b9a174c28d203f9bb482a2a8da9710a2f2a9f4afee2887
  original:
    url: https://raw.githubusercontent.com/commercialhaskell/stackage-snapshots/master/lts/18/5.yaml
